{
  "name": "adaptive-ball-launcher-ui",
  "version": "0.1.0",
  "lockfileVersion": 3,
  "requires": true,
  "packages": {
    "": {
      "name": "adaptive-ball-launcher-ui",
      "version": "0.1.0",
      "dependencies": {
        "three": "^0.183.1"
      },
      "devDependencies": {
        "agent-browser": "^0.27.0"
      }
    },
    "node_modules/agent-browser": {
      "version": "0.27.0",
      "resolved": "https://registry.npmjs.org/agent-browser/-/agent-browser-0.27.0.tgz",
      "integrity": "sha512-mmHzVsYFVA6nshNNGJzg83aVMgKpf4h98ytY3pvtJB1Cot0ZyA2bfnkbSngGD56Azkj+GlhVH6qx9DfKOVE0yg==",
      "dev": true,
      "hasInstallScript": true,
      "license": "Apache-2.0",
      "bin": {
        "agent-browser": "bin/agent-browser.js"
      }
    },
    "node_modules/three": {
      "version": "0.183.2",
      "resolved": "https://registry.npmjs.org/three/-/three-0.183.2.tgz",
      "integrity": "sha512-di3BsL2FEQ1PA7Hcvn4fyJOlxRRgFYBpMTcyOgkwJIaDOdJMebEFPA+t98EvjuljDx4hNulAGwF6KIjtwI5jgQ==",
      "license": "MIT"
    }
  }
}
